{
  "version": 4,
  "terraform_version": "1.5.1",
  "serial": 289,
  "lineage": "e9da41b0-b512-216f-fa1c-3d15b18f9fc4",
  "outputs": {
    "success": {
      "value": "Servers created successfully",
      "type": "string"
    }
  },
  "resources": [
    {
      "mode": "managed",
      "type": "docker_container",
      "name": "nginx",
      "provider": "provider[\"registry.terraform.io/kreuzwerker/docker\"]",
      "instances": [
        {
          "index_key": 0,
          "schema_version": 2,
          "attributes": {
            "attach": false,
            "bridge": "",
            "capabilities": [],
            "cgroupns_mode": null,
            "command": [
              "nginx",
              "-g",
              "daemon off;"
            ],
            "container_logs": null,
            "container_read_refresh_timeout_milliseconds": 15000,
            "cpu_set": "",
            "cpu_shares": 0,
            "destroy_grace_seconds": null,
            "devices": [],
            "dns": null,
            "dns_opts": null,
            "dns_search": null,
            "domainname": "",
            "entrypoint": [
              "/docker-entrypoint.sh"
            ],
            "env": [],
            "exit_code": null,
            "gpus": null,
            "group_add": null,
            "healthcheck": null,
            "host": [],
            "hostname": "598977d5afee",
            "id": "598977d5afee3fad84fb06b6fe390cd84dc05d3b0b7378c7824edd78d9dd1df1",
            "image": "sha256:eb4a57159180767450cb8426e6367f11b999653d8f185b5e3b78a9ca30c2c31d",
            "init": false,
            "ipc_mode": "private",
            "labels": [],
            "log_driver": "json-file",
            "log_opts": null,
            "logs": false,
            "max_retry_count": 0,
            "memory": 0,
            "memory_swap": 0,
            "mounts": [],
            "must_run": true,
            "name": "nginx-server-1",
            "network_data": [
              {
                "gateway": "172.17.0.1",
                "global_ipv6_address": "",
                "global_ipv6_prefix_length": 0,
                "ip_address": "172.17.0.5",
                "ip_prefix_length": 16,
                "ipv6_gateway": "",
                "mac_address": "02:42:ac:11:00:05",
                "network_name": "bridge"
              }
            ],
            "network_mode": "default",
            "networks_advanced": [],
            "pid_mode": "",
            "ports": [
              {
                "external": 8001,
                "internal": 80,
                "ip": "0.0.0.0",
                "protocol": "tcp"
              }
            ],
            "privileged": false,
            "publish_all_ports": false,
            "read_only": false,
            "remove_volumes": true,
            "restart": "no",
            "rm": false,
            "runtime": "runc",
            "security_opts": [],
            "shm_size": 64,
            "start": true,
            "stdin_open": false,
            "stop_signal": "SIGQUIT",
            "stop_timeout": 0,
            "storage_opts": null,
            "sysctls": null,
            "tmpfs": null,
            "tty": false,
            "ulimit": [],
            "upload": [],
            "user": "",
            "userns_mode": "",
            "volumes": [
              {
                "container_path": "/usr/share/nginx/html",
                "from_container": "",
                "host_path": "/tmp/tutorial/www/server1",
                "read_only": true,
                "volume_name": ""
              }
            ],
            "wait": false,
            "wait_timeout": 60,
            "working_dir": ""
          },
          "sensitive_attributes": [],
          "private": "eyJzY2hlbWFfdmVyc2lvbiI6IjIifQ==",
          "dependencies": [
            "docker_image.nginx"
          ]
        },
        {
          "index_key": 1,
          "schema_version": 2,
          "attributes": {
            "attach": false,
            "bridge": "",
            "capabilities": [],
            "cgroupns_mode": null,
            "command": [
              "nginx",
              "-g",
              "daemon off;"
            ],
            "container_logs": null,
            "container_read_refresh_timeout_milliseconds": 15000,
            "cpu_set": "",
            "cpu_shares": 0,
            "destroy_grace_seconds": null,
            "devices": [],
            "dns": null,
            "dns_opts": null,
            "dns_search": null,
            "domainname": "",
            "entrypoint": [
              "/docker-entrypoint.sh"
            ],
            "env": [],
            "exit_code": null,
            "gpus": null,
            "group_add": null,
            "healthcheck": null,
            "host": [],
            "hostname": "d01a79bf4929",
            "id": "d01a79bf4929b2e1e09afc0239ebb0e0659c8bc1887ff0d8aed6f9dd45db4e50",
            "image": "sha256:eb4a57159180767450cb8426e6367f11b999653d8f185b5e3b78a9ca30c2c31d",
            "init": false,
            "ipc_mode": "private",
            "labels": [],
            "log_driver": "json-file",
            "log_opts": null,
            "logs": false,
            "max_retry_count": 0,
            "memory": 0,
            "memory_swap": 0,
            "mounts": [],
            "must_run": true,
            "name": "nginx-server-2",
            "network_data": [
              {
                "gateway": "172.17.0.1",
                "global_ipv6_address": "",
                "global_ipv6_prefix_length": 0,
                "ip_address": "172.17.0.3",
                "ip_prefix_length": 16,
                "ipv6_gateway": "",
                "mac_address": "02:42:ac:11:00:03",
                "network_name": "bridge"
              }
            ],
            "network_mode": "default",
            "networks_advanced": [],
            "pid_mode": "",
            "ports": [
              {
                "external": 8002,
                "internal": 80,
                "ip": "0.0.0.0",
                "protocol": "tcp"
              }
            ],
            "privileged": false,
            "publish_all_ports": false,
            "read_only": false,
            "remove_volumes": true,
            "restart": "no",
            "rm": false,
            "runtime": "runc",
            "security_opts": [],
            "shm_size": 64,
            "start": true,
            "stdin_open": false,
            "stop_signal": "SIGQUIT",
            "stop_timeout": 0,
            "storage_opts": null,
            "sysctls": null,
            "tmpfs": null,
            "tty": false,
            "ulimit": [],
            "upload": [],
            "user": "",
            "userns_mode": "",
            "volumes": [
              {
                "container_path": "/usr/share/nginx/html",
                "from_container": "",
                "host_path": "/tmp/tutorial/www/server2",
                "read_only": true,
                "volume_name": ""
              }
            ],
            "wait": false,
            "wait_timeout": 60,
            "working_dir": ""
          },
          "sensitive_attributes": [],
          "private": "eyJzY2hlbWFfdmVyc2lvbiI6IjIifQ==",
          "dependencies": [
            "docker_image.nginx"
          ]
        },
        {
          "index_key": 2,
          "schema_version": 2,
          "attributes": {
            "attach": false,
            "bridge": "",
            "capabilities": [],
            "cgroupns_mode": null,
            "command": [
              "nginx",
              "-g",
              "daemon off;"
            ],
            "container_logs": null,
            "container_read_refresh_timeout_milliseconds": 15000,
            "cpu_set": "",
            "cpu_shares": 0,
            "destroy_grace_seconds": null,
            "devices": [],
            "dns": null,
            "dns_opts": null,
            "dns_search": null,
            "domainname": "",
            "entrypoint": [
              "/docker-entrypoint.sh"
            ],
            "env": [],
            "exit_code": null,
            "gpus": null,
            "group_add": null,
            "healthcheck": null,
            "host": [],
            "hostname": "9ee651a92e04",
            "id": "9ee651a92e0440eae51b5d72f5ca1a533951fdd7f806d1a8b781080949f52cce",
            "image": "sha256:eb4a57159180767450cb8426e6367f11b999653d8f185b5e3b78a9ca30c2c31d",
            "init": false,
            "ipc_mode": "private",
            "labels": [],
            "log_driver": "json-file",
            "log_opts": null,
            "logs": false,
            "max_retry_count": 0,
            "memory": 0,
            "memory_swap": 0,
            "mounts": [],
            "must_run": true,
            "name": "nginx-server-3",
            "network_data": [
              {
                "gateway": "172.17.0.1",
                "global_ipv6_address": "",
                "global_ipv6_prefix_length": 0,
                "ip_address": "172.17.0.8",
                "ip_prefix_length": 16,
                "ipv6_gateway": "",
                "mac_address": "02:42:ac:11:00:08",
                "network_name": "bridge"
              }
            ],
            "network_mode": "default",
            "networks_advanced": [],
            "pid_mode": "",
            "ports": [
              {
                "external": 8003,
                "internal": 80,
                "ip": "0.0.0.0",
                "protocol": "tcp"
              }
            ],
            "privileged": false,
            "publish_all_ports": false,
            "read_only": false,
            "remove_volumes": true,
            "restart": "no",
            "rm": false,
            "runtime": "runc",
            "security_opts": [],
            "shm_size": 64,
            "start": true,
            "stdin_open": false,
            "stop_signal": "SIGQUIT",
            "stop_timeout": 0,
            "storage_opts": null,
            "sysctls": null,
            "tmpfs": null,
            "tty": false,
            "ulimit": [],
            "upload": [],
            "user": "",
            "userns_mode": "",
            "volumes": [
              {
                "container_path": "/usr/share/nginx/html",
                "from_container": "",
                "host_path": "/tmp/tutorial/www/server3",
                "read_only": true,
                "volume_name": ""
              }
            ],
            "wait": false,
            "wait_timeout": 60,
            "working_dir": ""
          },
          "sensitive_attributes": [],
          "private": "eyJzY2hlbWFfdmVyc2lvbiI6IjIifQ==",
          "dependencies": [
            "docker_image.nginx"
          ]
        },
        {
          "index_key": 3,
          "schema_version": 2,
          "attributes": {
            "attach": false,
            "bridge": "",
            "capabilities": [],
            "cgroupns_mode": null,
            "command": [
              "nginx",
              "-g",
              "daemon off;"
            ],
            "container_logs": null,
            "container_read_refresh_timeout_milliseconds": 15000,
            "cpu_set": "",
            "cpu_shares": 0,
            "destroy_grace_seconds": null,
            "devices": [],
            "dns": null,
            "dns_opts": null,
            "dns_search": null,
            "domainname": "",
            "entrypoint": [
              "/docker-entrypoint.sh"
            ],
            "env": [],
            "exit_code": null,
            "gpus": null,
            "group_add": null,
            "healthcheck": null,
            "host": [],
            "hostname": "cfc480d4a72f",
            "id": "cfc480d4a72f259dfdb69a08cdabd7739cda38c43f66a3d15cf4a373a2a8469b",
            "image": "sha256:eb4a57159180767450cb8426e6367f11b999653d8f185b5e3b78a9ca30c2c31d",
            "init": false,
            "ipc_mode": "private",
            "labels": [],
            "log_driver": "json-file",
            "log_opts": null,
            "logs": false,
            "max_retry_count": 0,
            "memory": 0,
            "memory_swap": 0,
            "mounts": [],
            "must_run": true,
            "name": "nginx-server-4",
            "network_data": [
              {
                "gateway": "172.17.0.1",
                "global_ipv6_address": "",
                "global_ipv6_prefix_length": 0,
                "ip_address": "172.17.0.10",
                "ip_prefix_length": 16,
                "ipv6_gateway": "",
                "mac_address": "02:42:ac:11:00:0a",
                "network_name": "bridge"
              }
            ],
            "network_mode": "default",
            "networks_advanced": [],
            "pid_mode": "",
            "ports": [
              {
                "external": 8004,
                "internal": 80,
                "ip": "0.0.0.0",
                "protocol": "tcp"
              }
            ],
            "privileged": false,
            "publish_all_ports": false,
            "read_only": false,
            "remove_volumes": true,
            "restart": "no",
            "rm": false,
            "runtime": "runc",
            "security_opts": [],
            "shm_size": 64,
            "start": true,
            "stdin_open": false,
            "stop_signal": "SIGQUIT",
            "stop_timeout": 0,
            "storage_opts": null,
            "sysctls": null,
            "tmpfs": null,
            "tty": false,
            "ulimit": [],
            "upload": [],
            "user": "",
            "userns_mode": "",
            "volumes": [
              {
                "container_path": "/usr/share/nginx/html",
                "from_container": "",
                "host_path": "/tmp/tutorial/www/server4",
                "read_only": true,
                "volume_name": ""
              }
            ],
            "wait": false,
            "wait_timeout": 60,
            "working_dir": ""
          },
          "sensitive_attributes": [],
          "private": "eyJzY2hlbWFfdmVyc2lvbiI6IjIifQ==",
          "dependencies": [
            "docker_image.nginx"
          ]
        },
        {
          "index_key": 4,
          "schema_version": 2,
          "attributes": {
            "attach": false,
            "bridge": "",
            "capabilities": [],
            "cgroupns_mode": null,
            "command": [
              "nginx",
              "-g",
              "daemon off;"
            ],
            "container_logs": null,
            "container_read_refresh_timeout_milliseconds": 15000,
            "cpu_set": "",
            "cpu_shares": 0,
            "destroy_grace_seconds": null,
            "devices": [],
            "dns": null,
            "dns_opts": null,
            "dns_search": null,
            "domainname": "",
            "entrypoint": [
              "/docker-entrypoint.sh"
            ],
            "env": [],
            "exit_code": null,
            "gpus": null,
            "group_add": null,
            "healthcheck": null,
            "host": [],
            "hostname": "5d4a62725307",
            "id": "5d4a62725307ebae7353e0a87351ef24015fd12fc839a4703697ff51436ebc4e",
            "image": "sha256:eb4a57159180767450cb8426e6367f11b999653d8f185b5e3b78a9ca30c2c31d",
            "init": false,
            "ipc_mode": "private",
            "labels": [],
            "log_driver": "json-file",
            "log_opts": null,
            "logs": false,
            "max_retry_count": 0,
            "memory": 0,
            "memory_swap": 0,
            "mounts": [],
            "must_run": true,
            "name": "nginx-server-5",
            "network_data": [
              {
                "gateway": "172.17.0.1",
                "global_ipv6_address": "",
                "global_ipv6_prefix_length": 0,
                "ip_address": "172.17.0.9",
                "ip_prefix_length": 16,
                "ipv6_gateway": "",
                "mac_address": "02:42:ac:11:00:09",
                "network_name": "bridge"
              }
            ],
            "network_mode": "default",
            "networks_advanced": [],
            "pid_mode": "",
            "ports": [
              {
                "external": 8005,
                "internal": 80,
                "ip": "0.0.0.0",
                "protocol": "tcp"
              }
            ],
            "privileged": false,
            "publish_all_ports": false,
            "read_only": false,
            "remove_volumes": true,
            "restart": "no",
            "rm": false,
            "runtime": "runc",
            "security_opts": [],
            "shm_size": 64,
            "start": true,
            "stdin_open": false,
            "stop_signal": "SIGQUIT",
            "stop_timeout": 0,
            "storage_opts": null,
            "sysctls": null,
            "tmpfs": null,
            "tty": false,
            "ulimit": [],
            "upload": [],
            "user": "",
            "userns_mode": "",
            "volumes": [
              {
                "container_path": "/usr/share/nginx/html",
                "from_container": "",
                "host_path": "/tmp/tutorial/www/server5",
                "read_only": true,
                "volume_name": ""
              }
            ],
            "wait": false,
            "wait_timeout": 60,
            "working_dir": ""
          },
          "sensitive_attributes": [],
          "private": "eyJzY2hlbWFfdmVyc2lvbiI6IjIifQ==",
          "dependencies": [
            "docker_image.nginx"
          ]
        },
        {
          "index_key": 5,
          "schema_version": 2,
          "attributes": {
            "attach": false,
            "bridge": "",
            "capabilities": [],
            "cgroupns_mode": null,
            "command": [
              "nginx",
              "-g",
              "daemon off;"
            ],
            "container_logs": null,
            "container_read_refresh_timeout_milliseconds": 15000,
            "cpu_set": "",
            "cpu_shares": 0,
            "destroy_grace_seconds": null,
            "devices": [],
            "dns": null,
            "dns_opts": null,
            "dns_search": null,
            "domainname": "",
            "entrypoint": [
              "/docker-entrypoint.sh"
            ],
            "env": [],
            "exit_code": null,
            "gpus": null,
            "group_add": null,
            "healthcheck": null,
            "host": [],
            "hostname": "fc6099f79f8e",
            "id": "fc6099f79f8e2be37b055e2259fcdcb99ea2ca4d93427e8f4e26e3289421e5de",
            "image": "sha256:eb4a57159180767450cb8426e6367f11b999653d8f185b5e3b78a9ca30c2c31d",
            "init": false,
            "ipc_mode": "private",
            "labels": [],
            "log_driver": "json-file",
            "log_opts": null,
            "logs": false,
            "max_retry_count": 0,
            "memory": 0,
            "memory_swap": 0,
            "mounts": [],
            "must_run": true,
            "name": "nginx-server-6",
            "network_data": [
              {
                "gateway": "172.17.0.1",
                "global_ipv6_address": "",
                "global_ipv6_prefix_length": 0,
                "ip_address": "172.17.0.6",
                "ip_prefix_length": 16,
                "ipv6_gateway": "",
                "mac_address": "02:42:ac:11:00:06",
                "network_name": "bridge"
              }
            ],
            "network_mode": "default",
            "networks_advanced": [],
            "pid_mode": "",
            "ports": [
              {
                "external": 8006,
                "internal": 80,
                "ip": "0.0.0.0",
                "protocol": "tcp"
              }
            ],
            "privileged": false,
            "publish_all_ports": false,
            "read_only": false,
            "remove_volumes": true,
            "restart": "no",
            "rm": false,
            "runtime": "runc",
            "security_opts": [],
            "shm_size": 64,
            "start": true,
            "stdin_open": false,
            "stop_signal": "SIGQUIT",
            "stop_timeout": 0,
            "storage_opts": null,
            "sysctls": null,
            "tmpfs": null,
            "tty": false,
            "ulimit": [],
            "upload": [],
            "user": "",
            "userns_mode": "",
            "volumes": [
              {
                "container_path": "/usr/share/nginx/html",
                "from_container": "",
                "host_path": "/tmp/tutorial/www/server6",
                "read_only": true,
                "volume_name": ""
              }
            ],
            "wait": false,
            "wait_timeout": 60,
            "working_dir": ""
          },
          "sensitive_attributes": [],
          "private": "eyJzY2hlbWFfdmVyc2lvbiI6IjIifQ==",
          "dependencies": [
            "docker_image.nginx"
          ]
        },
        {
          "index_key": 6,
          "schema_version": 2,
          "attributes": {
            "attach": false,
            "bridge": "",
            "capabilities": [],
            "cgroupns_mode": null,
            "command": [
              "nginx",
              "-g",
              "daemon off;"
            ],
            "container_logs": null,
            "container_read_refresh_timeout_milliseconds": 15000,
            "cpu_set": "",
            "cpu_shares": 0,
            "destroy_grace_seconds": null,
            "devices": [],
            "dns": null,
            "dns_opts": null,
            "dns_search": null,
            "domainname": "",
            "entrypoint": [
              "/docker-entrypoint.sh"
            ],
            "env": [],
            "exit_code": null,
            "gpus": null,
            "group_add": null,
            "healthcheck": null,
            "host": [],
            "hostname": "153a19fbca0a",
            "id": "153a19fbca0a9eb8c5db37949db324701f23b22c64560e2ffbeaf9576c34f86a",
            "image": "sha256:eb4a57159180767450cb8426e6367f11b999653d8f185b5e3b78a9ca30c2c31d",
            "init": false,
            "ipc_mode": "private",
            "labels": [],
            "log_driver": "json-file",
            "log_opts": null,
            "logs": false,
            "max_retry_count": 0,
            "memory": 0,
            "memory_swap": 0,
            "mounts": [],
            "must_run": true,
            "name": "nginx-server-7",
            "network_data": [
              {
                "gateway": "172.17.0.1",
                "global_ipv6_address": "",
                "global_ipv6_prefix_length": 0,
                "ip_address": "172.17.0.7",
                "ip_prefix_length": 16,
                "ipv6_gateway": "",
                "mac_address": "02:42:ac:11:00:07",
                "network_name": "bridge"
              }
            ],
            "network_mode": "default",
            "networks_advanced": [],
            "pid_mode": "",
            "ports": [
              {
                "external": 8007,
                "internal": 80,
                "ip": "0.0.0.0",
                "protocol": "tcp"
              }
            ],
            "privileged": false,
            "publish_all_ports": false,
            "read_only": false,
            "remove_volumes": true,
            "restart": "no",
            "rm": false,
            "runtime": "runc",
            "security_opts": [],
            "shm_size": 64,
            "start": true,
            "stdin_open": false,
            "stop_signal": "SIGQUIT",
            "stop_timeout": 0,
            "storage_opts": null,
            "sysctls": null,
            "tmpfs": null,
            "tty": false,
            "ulimit": [],
            "upload": [],
            "user": "",
            "userns_mode": "",
            "volumes": [
              {
                "container_path": "/usr/share/nginx/html",
                "from_container": "",
                "host_path": "/tmp/tutorial/www/server7",
                "read_only": true,
                "volume_name": ""
              }
            ],
            "wait": false,
            "wait_timeout": 60,
            "working_dir": ""
          },
          "sensitive_attributes": [],
          "private": "eyJzY2hlbWFfdmVyc2lvbiI6IjIifQ==",
          "dependencies": [
            "docker_image.nginx"
          ]
        },
        {
          "index_key": 7,
          "schema_version": 2,
          "attributes": {
            "attach": false,
            "bridge": "",
            "capabilities": [],
            "cgroupns_mode": null,
            "command": [
              "nginx",
              "-g",
              "daemon off;"
            ],
            "container_logs": null,
            "container_read_refresh_timeout_milliseconds": 15000,
            "cpu_set": "",
            "cpu_shares": 0,
            "destroy_grace_seconds": null,
            "devices": [],
            "dns": null,
            "dns_opts": null,
            "dns_search": null,
            "domainname": "",
            "entrypoint": [
              "/docker-entrypoint.sh"
            ],
            "env": [],
            "exit_code": null,
            "gpus": null,
            "group_add": null,
            "healthcheck": null,
            "host": [],
            "hostname": "08fc0d873e41",
            "id": "08fc0d873e41018613a117676c24ddd7bc0d8b11827f92dab92d247622fefe06",
            "image": "sha256:eb4a57159180767450cb8426e6367f11b999653d8f185b5e3b78a9ca30c2c31d",
            "init": false,
            "ipc_mode": "private",
            "labels": [],
            "log_driver": "json-file",
            "log_opts": null,
            "logs": false,
            "max_retry_count": 0,
            "memory": 0,
            "memory_swap": 0,
            "mounts": [],
            "must_run": true,
            "name": "nginx-server-8",
            "network_data": [
              {
                "gateway": "172.17.0.1",
                "global_ipv6_address": "",
                "global_ipv6_prefix_length": 0,
                "ip_address": "172.17.0.4",
                "ip_prefix_length": 16,
                "ipv6_gateway": "",
                "mac_address": "02:42:ac:11:00:04",
                "network_name": "bridge"
              }
            ],
            "network_mode": "default",
            "networks_advanced": [],
            "pid_mode": "",
            "ports": [
              {
                "external": 8008,
                "internal": 80,
                "ip": "0.0.0.0",
                "protocol": "tcp"
              }
            ],
            "privileged": false,
            "publish_all_ports": false,
            "read_only": false,
            "remove_volumes": true,
            "restart": "no",
            "rm": false,
            "runtime": "runc",
            "security_opts": [],
            "shm_size": 64,
            "start": true,
            "stdin_open": false,
            "stop_signal": "SIGQUIT",
            "stop_timeout": 0,
            "storage_opts": null,
            "sysctls": null,
            "tmpfs": null,
            "tty": false,
            "ulimit": [],
            "upload": [],
            "user": "",
            "userns_mode": "",
            "volumes": [
              {
                "container_path": "/usr/share/nginx/html",
                "from_container": "",
                "host_path": "/tmp/tutorial/www/server8",
                "read_only": true,
                "volume_name": ""
              }
            ],
            "wait": false,
            "wait_timeout": 60,
            "working_dir": ""
          },
          "sensitive_attributes": [],
          "private": "eyJzY2hlbWFfdmVyc2lvbiI6IjIifQ==",
          "dependencies": [
            "docker_image.nginx"
          ]
        }
      ]
    },
    {
      "mode": "managed",
      "type": "docker_container",
      "name": "webserver",
      "provider": "provider[\"registry.terraform.io/kreuzwerker/docker\"]",
      "instances": [
        {
          "schema_version": 2,
          "attributes": {
            "attach": false,
            "bridge": "",
            "capabilities": [],
            "cgroupns_mode": null,
            "command": [
              "tail",
              "-f",
              "/dev/null"
            ],
            "container_logs": null,
            "container_read_refresh_timeout_milliseconds": 15000,
            "cpu_set": "",
            "cpu_shares": 0,
            "destroy_grace_seconds": null,
            "devices": [],
            "dns": null,
            "dns_opts": null,
            "dns_search": null,
            "domainname": "",
            "entrypoint": [],
            "env": [],
            "exit_code": null,
            "gpus": null,
            "group_add": null,
            "healthcheck": null,
            "host": [],
            "hostname": "080faae5c5a8",
            "id": "080faae5c5a8e26a07055bcf14fb6ad1525df9bcaf020ff3caa3dd07a3639830",
            "image": "sha256:99284ca6cea039c7784d1414608c6e846dd56830c2a13e1341be681c3ffcc8ac",
            "init": false,
            "ipc_mode": "private",
            "labels": [],
            "log_driver": "json-file",
            "log_opts": null,
            "logs": false,
            "max_retry_count": 0,
            "memory": 0,
            "memory_swap": 0,
            "mounts": [],
            "must_run": true,
            "name": "terraform-docker-test",
            "network_data": [
              {
                "gateway": "172.17.0.1",
                "global_ipv6_address": "",
                "global_ipv6_prefix_length": 0,
                "ip_address": "172.17.0.2",
                "ip_prefix_length": 16,
                "ipv6_gateway": "",
                "mac_address": "02:42:ac:11:00:02",
                "network_name": "bridge"
              }
            ],
            "network_mode": "default",
            "networks_advanced": [],
            "pid_mode": "",
            "ports": [],
            "privileged": false,
            "publish_all_ports": true,
            "read_only": false,
            "remove_volumes": true,
            "restart": "no",
            "rm": false,
            "runtime": "runc",
            "security_opts": [],
            "shm_size": 64,
            "start": true,
            "stdin_open": false,
            "stop_signal": "",
            "stop_timeout": 0,
            "storage_opts": null,
            "sysctls": null,
            "tmpfs": null,
            "tty": false,
            "ulimit": [],
            "upload": [],
            "user": "",
            "userns_mode": "",
            "volumes": [],
            "wait": false,
            "wait_timeout": 60,
            "working_dir": ""
          },
          "sensitive_attributes": [],
          "private": "eyJzY2hlbWFfdmVyc2lvbiI6IjIifQ==",
          "dependencies": [
            "docker_image.ubuntu"
          ]
        }
      ]
    },
    {
      "mode": "managed",
      "type": "docker_image",
      "name": "nginx",
      "provider": "provider[\"registry.terraform.io/kreuzwerker/docker\"]",
      "instances": [
        {
          "schema_version": 0,
          "attributes": {
            "build": [],
            "force_remove": null,
            "id": "sha256:eb4a57159180767450cb8426e6367f11b999653d8f185b5e3b78a9ca30c2c31dnginx:latest",
            "image_id": "sha256:eb4a57159180767450cb8426e6367f11b999653d8f185b5e3b78a9ca30c2c31d",
            "keep_locally": false,
            "name": "nginx:latest",
            "platform": null,
            "pull_triggers": null,
            "repo_digest": "nginx@sha256:593dac25b7733ffb7afe1a72649a43e574778bf025ad60514ef40f6b5d606247",
            "triggers": null
          },
          "sensitive_attributes": [],
          "private": "bnVsbA=="
        }
      ]
    },
    {
      "mode": "managed",
      "type": "docker_image",
      "name": "ubuntu",
      "provider": "provider[\"registry.terraform.io/kreuzwerker/docker\"]",
      "instances": [
        {
          "schema_version": 0,
          "attributes": {
            "build": [],
            "force_remove": null,
            "id": "sha256:99284ca6cea039c7784d1414608c6e846dd56830c2a13e1341be681c3ffcc8acubuntu:latest",
            "image_id": "sha256:99284ca6cea039c7784d1414608c6e846dd56830c2a13e1341be681c3ffcc8ac",
            "keep_locally": false,
            "name": "ubuntu:latest",
            "platform": null,
            "pull_triggers": null,
            "repo_digest": "ubuntu@sha256:6120be6a2b7ce665d0cbddc3ce6eae60fe94637c6a66985312d1f02f63cc0bcd",
            "triggers": null
          },
          "sensitive_attributes": [],
          "private": "bnVsbA=="
        }
      ]
    },
    {
      "mode": "managed",
      "type": "local_file",
      "name": "index",
      "provider": "provider[\"registry.terraform.io/hashicorp/local\"]",
      "instances": [
        {
          "index_key": 0,
          "schema_version": 0,
          "attributes": {
            "content": "\u003chead\u003e\u003ctitle\u003eWelcome!\u003c/title\u003e\u003c/head\u003e\u003cbody\u003eWelcome to my website! You are on Server No. 1\u003c/body\u003e",
            "content_base64": null,
            "content_base64sha256": "XXTascSAtb3WwaNQbhX3D8k+hT4/qxiRJZ/KF0qp6FY=",
            "content_base64sha512": "xWNet7fJsq2f+8n/DR8yju03ea5LTVTB8US1QEY9an3GOWy3o7hC7tRGMQhGzlweLTo9vs49Pr20s5Ofu/ZVPw==",
            "content_md5": "a3bdbb8543ee9f2e19cba1bb1d3ed32a",
            "content_sha1": "5ccdde1f3e7a3ab87c1d6703078abb4821bcdcc8",
            "content_sha256": "5d74dab1c480b5bdd6c1a3506e15f70fc93e853e3fab1891259fca174aa9e856",
            "content_sha512": "c5635eb7b7c9b2ad9ffbc9ff0d1f328eed3779ae4b4d54c1f144b540463d6a7dc6396cb7a3b842eed446310846ce5c1e2d3a3dbece3d3ebdb4b3939fbbf6553f",
            "directory_permission": "0777",
            "file_permission": "0777",
            "filename": "/tmp/tutorial/www/server1/index.html",
            "id": "5ccdde1f3e7a3ab87c1d6703078abb4821bcdcc8",
            "sensitive_content": null,
            "source": null
          },
          "sensitive_attributes": []
        },
        {
          "index_key": 1,
          "schema_version": 0,
          "attributes": {
            "content": "\u003chead\u003e\u003ctitle\u003eWelcome!\u003c/title\u003e\u003c/head\u003e\u003cbody\u003eWelcome to my website! You are on Server No. 2\u003c/body\u003e",
            "content_base64": null,
            "content_base64sha256": "aAjWJgZJsEqafI+5uEvb2kCvuNJNLfGVtegyKPTIDts=",
            "content_base64sha512": "Zk2YuCk2MeCKuc8cnEjWEKGAY41BwX+dAIc3fIgn3KRuReK3Wxrsh9kwRI5TccmpC3zqzFb0hKqd+6d+VG5wig==",
            "content_md5": "a812569388edeb6355b50b29004655b5",
            "content_sha1": "ed4bb81911186b907915abdd5ef22c872850b394",
            "content_sha256": "6808d6260649b04a9a7c8fb9b84bdbda40afb8d24d2df195b5e83228f4c80edb",
            "content_sha512": "664d98b8293631e08ab9cf1c9c48d610a180638d41c17f9d0087377c8827dca46e45e2b75b1aec87d930448e5371c9a90b7ceacc56f484aa9dfba77e546e708a",
            "directory_permission": "0777",
            "file_permission": "0777",
            "filename": "/tmp/tutorial/www/server2/index.html",
            "id": "ed4bb81911186b907915abdd5ef22c872850b394",
            "sensitive_content": null,
            "source": null
          },
          "sensitive_attributes": []
        },
        {
          "index_key": 2,
          "schema_version": 0,
          "attributes": {
            "content": "\u003chead\u003e\u003ctitle\u003eWelcome!\u003c/title\u003e\u003c/head\u003e\u003cbody\u003eWelcome to my website! You are on Server No. 3\u003c/body\u003e",
            "content_base64": null,
            "content_base64sha256": "LThztSUibQ9FdqUeAYdzQC5EOcqbvvuTa0r4ELkpSG8=",
            "content_base64sha512": "Es/9gaTbCjkkqHLGdwtzO1OYiNjwA4hIBej514PExNYFz3xAoWrd2Iv/ss7LDRgvR/Pk+KXmjOy9PW/xoGELzg==",
            "content_md5": "c92bb294f7225a57cd3bdc0c2ed1984f",
            "content_sha1": "03c6c9dbfb7cf275bf8ff3c147f3532e56a16e5e",
            "content_sha256": "2d3873b525226d0f4576a51e018773402e4439ca9bbefb936b4af810b929486f",
            "content_sha512": "12cffd81a4db0a3924a872c6770b733b539888d8f003884805e8f9d783c4c4d605cf7c40a16addd88bffb2cecb0d182f47f3e4f8a5e68cecbd3d6ff1a0610bce",
            "directory_permission": "0777",
            "file_permission": "0777",
            "filename": "/tmp/tutorial/www/server3/index.html",
            "id": "03c6c9dbfb7cf275bf8ff3c147f3532e56a16e5e",
            "sensitive_content": null,
            "source": null
          },
          "sensitive_attributes": []
        },
        {
          "index_key": 3,
          "schema_version": 0,
          "attributes": {
            "content": "\u003chead\u003e\u003ctitle\u003eWelcome!\u003c/title\u003e\u003c/head\u003e\u003cbody\u003eWelcome to my website! You are on Server No. 4\u003c/body\u003e",
            "content_base64": null,
            "content_base64sha256": "JkndN2Mc2A+c+22HxIZk8PCAVDlPF4xq7nEF1WWTWNI=",
            "content_base64sha512": "WRrjFfOqiMYIw9wzJaczgQW+sW5OegJedQaqhw6ftpd/6rmVNAN/ONh8ozmBwgs8+XtE1PBjaDSXbBBQaipqcw==",
            "content_md5": "32dda3783b44672731c9a7f85c176164",
            "content_sha1": "54c2c71a53adafa323cb7ccd5150543dd92bca07",
            "content_sha256": "2649dd37631cd80f9cfb6d87c48664f0f08054394f178c6aee7105d5659358d2",
            "content_sha512": "591ae315f3aa88c608c3dc3325a7338105beb16e4e7a025e7506aa870e9fb6977feab99534037f38d87ca33981c20b3cf97b44d4f0636834976c10506a2a6a73",
            "directory_permission": "0777",
            "file_permission": "0777",
            "filename": "/tmp/tutorial/www/server4/index.html",
            "id": "54c2c71a53adafa323cb7ccd5150543dd92bca07",
            "sensitive_content": null,
            "source": null
          },
          "sensitive_attributes": []
        },
        {
          "index_key": 4,
          "schema_version": 0,
          "attributes": {
            "content": "\u003chead\u003e\u003ctitle\u003eWelcome!\u003c/title\u003e\u003c/head\u003e\u003cbody\u003eWelcome to my website! You are on Server No. 5\u003c/body\u003e",
            "content_base64": null,
            "content_base64sha256": "XEPaNjF3Yxc5d/NOMQefWJUxJNoIx8l937VZorlKwwI=",
            "content_base64sha512": "kBZ6HJ3Dea9CBDETJQejM6q5zgyOfGyT6kOhPpzWfodZbNEKhnybkSo0t1WrDfbQh98EwmxG5vkLFuCuRCscgg==",
            "content_md5": "89064168c06decb5a8d3be232eefc444",
            "content_sha1": "8d9a10d81ea8556049ad1ed3c6952158e4761f82",
            "content_sha256": "5c43da36317763173977f34e31079f58953124da08c7c97ddfb559a2b94ac302",
            "content_sha512": "90167a1c9dc379af420431132507a333aab9ce0c8e7c6c93ea43a13e9cd67e87596cd10a867c9b912a34b755ab0df6d087df04c26c46e6f90b16e0ae442b1c82",
            "directory_permission": "0777",
            "file_permission": "0777",
            "filename": "/tmp/tutorial/www/server5/index.html",
            "id": "8d9a10d81ea8556049ad1ed3c6952158e4761f82",
            "sensitive_content": null,
            "source": null
          },
          "sensitive_attributes": []
        },
        {
          "index_key": 5,
          "schema_version": 0,
          "attributes": {
            "content": "\u003chead\u003e\u003ctitle\u003eWelcome!\u003c/title\u003e\u003c/head\u003e\u003cbody\u003eWelcome to my website! You are on Server No. 6\u003c/body\u003e",
            "content_base64": null,
            "content_base64sha256": "k2mq2BJCKW5m0PbhNQSVbYy+3gpoLofysz0RmtspUNc=",
            "content_base64sha512": "06BsqozOrOqVE4e4TWDI5qYLhNDnj2iEhrgCfJRJEMKQS0hcEjrim/si8KrqazRr7vHon/QdQTFKDvSED0hNwg==",
            "content_md5": "6e3b7fdbdf23eb5f4537df4e779f5f99",
            "content_sha1": "f422f63a8ecfb036c837e813444f7ec0cba291e7",
            "content_sha256": "9369aad81242296e66d0f6e13504956d8cbede0a682e87f2b33d119adb2950d7",
            "content_sha512": "d3a06caa8cceacea951387b84d60c8e6a60b84d0e78f688486b8027c944910c2904b485c123ae29bfb22f0aaea6b346beef1e89ff41d41314a0ef4840f484dc2",
            "directory_permission": "0777",
            "file_permission": "0777",
            "filename": "/tmp/tutorial/www/server6/index.html",
            "id": "f422f63a8ecfb036c837e813444f7ec0cba291e7",
            "sensitive_content": null,
            "source": null
          },
          "sensitive_attributes": []
        },
        {
          "index_key": 6,
          "schema_version": 0,
          "attributes": {
            "content": "\u003chead\u003e\u003ctitle\u003eWelcome!\u003c/title\u003e\u003c/head\u003e\u003cbody\u003eWelcome to my website! You are on Server No. 7\u003c/body\u003e",
            "content_base64": null,
            "content_base64sha256": "WpeUtSVm9I9EnvNJia1bfxw+S3CVn0UUW/XF+OLS2ZA=",
            "content_base64sha512": "pCHBf8YVTifj84oV/DFZT/BnHcL7RQgbzJ4RZ9H72P0/GnSIQvOMnnnvI43Pr0Uj+5vZdYcTtdQtqRhwaA+/nw==",
            "content_md5": "81f197b17c76efc598e0a9ac4d2596f6",
            "content_sha1": "3c750cdd8535043d6828342a1cb92c0a49d5afc0",
            "content_sha256": "5a9794b52566f48f449ef34989ad5b7f1c3e4b70959f45145bf5c5f8e2d2d990",
            "content_sha512": "a421c17fc6154e27e3f38a15fc31594ff0671dc2fb45081bcc9e1167d1fbd8fd3f1a748842f38c9e79ef238dcfaf4523fb9bd9758713b5d42da91870680fbf9f",
            "directory_permission": "0777",
            "file_permission": "0777",
            "filename": "/tmp/tutorial/www/server7/index.html",
            "id": "3c750cdd8535043d6828342a1cb92c0a49d5afc0",
            "sensitive_content": null,
            "source": null
          },
          "sensitive_attributes": []
        },
        {
          "index_key": 7,
          "schema_version": 0,
          "attributes": {
            "content": "\u003chead\u003e\u003ctitle\u003eWelcome!\u003c/title\u003e\u003c/head\u003e\u003cbody\u003eWelcome to my website! You are on Server No. 8\u003c/body\u003e",
            "content_base64": null,
            "content_base64sha256": "to4xGjC7cqwoHAhywahoasMiWC0D5Fjo56Zvev7m308=",
            "content_base64sha512": "qfTu3+LPutOtAExIENET4TJZ8HX9WLbBXnk9YuLa9IpJxP2V6hICFvwF83n/ZNUkDSbx0ED3dvg7RhdCCnLtww==",
            "content_md5": "45d818f9deb605f0ec30061917bd72ab",
            "content_sha1": "bbf187db8f642e14a557b5be472b7e5a9b1f2453",
            "content_sha256": "b68e311a30bb72ac281c0872c1a8686ac322582d03e458e8e7a66f7afee6df4f",
            "content_sha512": "a9f4eedfe2cfbad3ad004c4810d113e13259f075fd58b6c15e793d62e2daf48a49c4fd95ea120216fc05f379ff64d5240d26f1d040f776f83b4617420a72edc3",
            "directory_permission": "0777",
            "file_permission": "0777",
            "filename": "/tmp/tutorial/www/server8/index.html",
            "id": "bbf187db8f642e14a557b5be472b7e5a9b1f2453",
            "sensitive_content": null,
            "source": null
          },
          "sensitive_attributes": []
        }
      ]
    }
  ],
  "check_results": null
}
